
Microsoft Visual Studio Solution File, Format Version 12.00
# Visual Studio Version 17
VisualStudioVersion = 17.3.32922.545
MinimumVisualStudioVersion = 10.0.40219.1
Project("{9A19103F-16F7-4668-BE54-9A1E7A4F7556}") = "CourierSystemApi", "CourierSystemApi\CourierSystemApi.csproj", "{C5FEC963-CC27-46D8-B258-7B891F4125B5}"
EndProject
Project("{9A19103F-16F7-4668-BE54-9A1E7A4F7556}") = "CourierSystemBusinessLayer", "CourierSystemBusinessLayer\CourierSystemBusinessLayer.csproj", "{F638B246-CA67-489D-8840-D9292269389F}"
EndProject
Project("{9A19103F-16F7-4668-BE54-9A1E7A4F7556}") = "CourierSystemDataLayer", "CourierSystemDataLayer\CourierSystemDataLayer.csproj", "{20DB5A10-F6A6-4DA4-BCC6-7835F09DC59F}"
EndProject
Project("{FAE04EC0-301F-11D3-BF4B-00C04F79EFBC}") = "CourierManagementFrontend", "CourierManagementFrontend\CourierManagementFrontend.csproj", "{502FA874-389A-467C-8FF0-4922F6AA76F4}"
EndProject
Global
	GlobalSection(SolutionConfigurationPlatforms) = preSolution
		Debug|Any CPU = Debug|Any CPU
		Release|Any CPU = Release|Any CPU
	EndGlobalSection
	GlobalSection(ProjectConfigurationPlatforms) = postSolution
		{C5FEC963-CC27-46D8-B258-7B891F4125B5}.Debug|Any CPU.ActiveCfg = Debug|Any CPU
		{C5FEC963-CC27-46D8-B258-7B891F4125B5}.Debug|Any CPU.Build.0 = Debug|Any CPU
		{C5FEC963-CC27-46D8-B258-7B891F4125B5}.Release|Any CPU.ActiveCfg = Release|Any CPU
		{C5FEC963-CC27-46D8-B258-7B891F4125B5}.Release|Any CPU.Build.0 = Release|Any CPU
		{F638B246-CA67-489D-8840-D9292269389F}.Debug|Any CPU.ActiveCfg = Debug|Any CPU
		{F638B246-CA67-489D-8840-D9292269389F}.Debug|Any CPU.Build.0 = Debug|Any CPU
		{F638B246-CA67-489D-8840-D9292269389F}.Release|Any CPU.ActiveCfg = Release|Any CPU
		{F638B246-CA67-489D-8840-D9292269389F}.Release|Any CPU.Build.0 = Release|Any CPU
		{20DB5A10-F6A6-4DA4-BCC6-7835F09DC59F}.Debug|Any CPU.ActiveCfg = Debug|Any CPU
		{20DB5A10-F6A6-4DA4-BCC6-7835F09DC59F}.Debug|Any CPU.Build.0 = Debug|Any CPU
		{20DB5A10-F6A6-4DA4-BCC6-7835F09DC59F}.Release|Any CPU.ActiveCfg = Release|Any CPU
		{20DB5A10-F6A6-4DA4-BCC6-7835F09DC59F}.Release|Any CPU.Build.0 = Release|Any CPU
		{502FA874-389A-467C-8FF0-4922F6AA76F4}.Debug|Any CPU.ActiveCfg = Debug|Any CPU
		{502FA874-389A-467C-8FF0-4922F6AA76F4}.Debug|Any CPU.Build.0 = Debug|Any CPU
		{502FA874-389A-467C-8FF0-4922F6AA76F4}.Release|Any CPU.ActiveCfg = Release|Any CPU
		{502FA874-389A-467C-8FF0-4922F6AA76F4}.Release|Any CPU.Build.0 = Release|Any CPU
	EndGlobalSection
	GlobalSection(SolutionProperties) = preSolution
		HideSolutionNode = FALSE
	EndGlobalSection
	GlobalSection(ExtensibilityGlobals) = postSolution
		SolutionGuid = {D43F491B-4B33-44A4-A7A6-097EE6C80DD2}
	EndGlobalSection
EndGlobal
